
Microsoft Visual Studio Solution File, Format Version 12.00
# Visual Studio 14
VisualStudioVersion = 14.0.25123.0
MinimumVisualStudioVersion = 10.0.40219.1
Project("{FAE04EC0-301F-11D3-BF4B-00C04F79EFBC}") = "Eye-Robot", "src\Eye-Robot\Eye-Robot.csproj", "{A63EB5D2-9291-456A-9C53-F6EA1077D46D}"
EndProject
Project("{2150E333-8FDC-42A3-9474-1A3956D46DE8}") = "src", "src", "{4D8DCCE8-A2B6-42FE-A242-0576772A0A1F}"
EndProject
Project("{2150E333-8FDC-42A3-9474-1A3956D46DE8}") = "tests", "tests", "{79FD515C-0B1F-4F6E-A485-D032D2E147E7}"
EndProject
Project("{FAE04EC0-301F-11D3-BF4B-00C04F79EFBC}") = "UnitTests", "tests\UnitTests\UnitTests.csproj", "{9734B2F2-B4A4-4130-AC4D-5A66E2ECBF62}"
EndProject
Global
	GlobalSection(SolutionConfigurationPlatforms) = preSolution
		Debug|Any CPU = Debug|Any CPU
		Release|Any CPU = Release|Any CPU
	EndGlobalSection
	GlobalSection(ProjectConfigurationPlatforms) = postSolution
		{A63EB5D2-9291-456A-9C53-F6EA1077D46D}.Debug|Any CPU.ActiveCfg = Debug|Any CPU
		{A63EB5D2-9291-456A-9C53-F6EA1077D46D}.Debug|Any CPU.Build.0 = Debug|Any CPU
		{A63EB5D2-9291-456A-9C53-F6EA1077D46D}.Release|Any CPU.ActiveCfg = Release|Any CPU
		{A63EB5D2-9291-456A-9C53-F6EA1077D46D}.Release|Any CPU.Build.0 = Release|Any CPU
		{9734B2F2-B4A4-4130-AC4D-5A66E2ECBF62}.Debug|Any CPU.ActiveCfg = Debug|Any CPU
		{9734B2F2-B4A4-4130-AC4D-5A66E2ECBF62}.Debug|Any CPU.Build.0 = Debug|Any CPU
		{9734B2F2-B4A4-4130-AC4D-5A66E2ECBF62}.Release|Any CPU.ActiveCfg = Release|Any CPU
		{9734B2F2-B4A4-4130-AC4D-5A66E2ECBF62}.Release|Any CPU.Build.0 = Release|Any CPU
	EndGlobalSection
	GlobalSection(SolutionProperties) = preSolution
		HideSolutionNode = FALSE
	EndGlobalSection
	GlobalSection(NestedProjects) = preSolution
		{A63EB5D2-9291-456A-9C53-F6EA1077D46D} = {4D8DCCE8-A2B6-42FE-A242-0576772A0A1F}
		{9734B2F2-B4A4-4130-AC4D-5A66E2ECBF62} = {79FD515C-0B1F-4F6E-A485-D032D2E147E7}
	EndGlobalSection
EndGlobal
